<?xml version="1.0" encoding="utf-8"?>
<Project ToolsVersion="4.0" xmlns="http://schemas.microsoft.com/developer/msbuild/2003">
  <ItemGroup>
    <Filter Include="Source Files">
      <UniqueIdentifier>{4FC737F1-C7A5-4376-A066-2A32D752A2FF}</UniqueIdentifier>
      <Extensions>cpp;c;cc;cxx;def;odl;idl;hpj;bat;asm;asmx</Extensions>
    </Filter>
    <Filter Include="Header Files">
      <UniqueIdentifier>{93995380-89BD-4b04-88EB-625FBE52EBFB}</UniqueIdentifier>
      <Extensions>h;hh;hpp;hxx;hm;inl;inc;xsd</Extensions>
    </Filter>
    <Filter Include="Resource Files">
      <UniqueIdentifier>{67DA6AB6-F800-4c08-8B7A-83BB121AAD01}</UniqueIdentifier>
      <Extensions>rc;ico;cur;bmp;dlg;rc2;rct;bin;rgs;gif;jpg;jpeg;jpe;resx;tiff;tif;png;wav;mfcribbon-ms</Extensions>
    </Filter>
    <Filter Include="Source Files\Restructured">
      <UniqueIdentifier>{9b69e91d-3d60-47d0-9937-6c8829b82b0a}</UniqueIdentifier>
    </Filter>
    <Filter Include="Header Files\Restructured">
      <UniqueIdentifier>{390efe71-5161-48dd-b43f-2c3cc84cded9}</UniqueIdentifier>
    </Filter>
    <Filter Include="Header Files\OldStructure">
      <UniqueIdentifier>{107ccbab-25a6-4b7a-baaf-5a268c3fdd33}</UniqueIdentifier>
    </Filter>
    <Filter Include="Source Files\OldStructure">
      <UniqueIdentifier>{20f5385d-99e6-431a-9ecd-e132dfcd626b}</UniqueIdentifier>
    </Filter>
  </ItemGroup>
  <ItemGroup>
    <ClCompile Include="CollisionDetector.cpp">
      <Filter>Source Files\OldStructure</Filter>
    </ClCompile>
    <ClCompile Include="GLEWManager.cpp">
      <Filter>Source Files\OldStructure</Filter>
    </ClCompile>
    <ClCompile Include="main.cpp">
      <Filter>Source Files\OldStructure</Filter>
    </ClCompile>
    <ClCompile Include="Model.cpp">
      <Filter>Source Files\OldStructure</Filter>
    </ClCompile>
    <ClCompile Include="Player.cpp">
      <Filter>Source Files\OldStructure</Filter>
    </ClCompile>
    <ClCompile Include="rt3d.cpp">
      <Filter>Source Files\OldStructure</Filter>
    </ClCompile>
    <ClCompile Include="rt3dObjLoader.cpp">
      <Filter>Source Files\OldStructure</Filter>
    </ClCompile>
    <ClCompile Include="SceneManager.cpp">
      <Filter>Source Files\OldStructure</Filter>
    </ClCompile>
    <ClCompile Include="SDLManager.cpp">
      <Filter>Source Files\OldStructure</Filter>
    </ClCompile>
    <ClCompile Include="Scene.cpp">
      <Filter>Source Files\Restructured</Filter>
    </ClCompile>
  </ItemGroup>
  <ItemGroup>
    <ClInclude Include="GameEngine.h">
      <Filter>Header Files\Restructured</Filter>
    </ClInclude>
    <ClInclude Include="SDLManager.h">
      <Filter>Header Files\OldStructure</Filter>
    </ClInclude>
    <ClInclude Include="GameObject.h">
      <Filter>Header Files\OldStructure</Filter>
    </ClInclude>
    <ClInclude Include="GLEWManager.h">
      <Filter>Header Files\OldStructure</Filter>
    </ClInclude>
    <ClInclude Include="Mesh.h">
      <Filter>Header Files\OldStructure</Filter>
    </ClInclude>
    <ClInclude Include="Model.h">
      <Filter>Header Files\OldStructure</Filter>
    </ClInclude>
    <ClInclude Include="Player.h">
      <Filter>Header Files\OldStructure</Filter>
    </ClInclude>
    <ClInclude Include="rt3d.h">
      <Filter>Header Files\OldStructure</Filter>
    </ClInclude>
    <ClInclude Include="rt3dObjLoader.h">
      <Filter>Header Files\OldStructure</Filter>
    </ClInclude>
    <ClInclude Include="SceneManager.h">
      <Filter>Header Files\OldStructure</Filter>
    </ClInclude>
    <ClInclude Include="CollisionDetector.h">
      <Filter>Header Files\OldStructure</Filter>
    </ClInclude>
    <ClInclude Include="Scene.h">
      <Filter>Header Files\Restructured</Filter>
    </ClInclude>
    <ClInclude Include="Renderer.h">
      <Filter>Header Files\Restructured</Filter>
    </ClInclude>
    <ClInclude Include="GameEventHandler.h">
      <Filter>Header Files\Restructured</Filter>
    </ClInclude>
    <ClInclude Include="GameEvent.h">
      <Filter>Header Files\Restructured</Filter>
    </ClInclude>
    <ClInclude Include="SceneEvent.h">
      <Filter>Header Files\Restructured</Filter>
    </ClInclude>
  </ItemGroup>
  <ItemGroup>
    <None Include="minimal.frag">
      <Filter>Resource Files</Filter>
    </None>
    <None Include="minimal.vert">
      <Filter>Resource Files</Filter>
    </None>
    <None Include="cubeMap.frag">
      <Filter>Resource Files</Filter>
    </None>
    <None Include="cubeMap.vert">
      <Filter>Resource Files</Filter>
    </None>
    <None Include="phong-tex.frag">
      <Filter>Resource Files</Filter>
    </None>
    <None Include="phong-tex.vert">
      <Filter>Resource Files</Filter>
    </None>
    <None Include="textured.frag">
      <Filter>Resource Files</Filter>
    </None>
    <None Include="textured.vert">
      <Filter>Resource Files</Filter>
    </None>
    <None Include="modelLoading.frag">
      <Filter>Resource Files</Filter>
    </None>
    <None Include="modelLoading.vert">
      <Filter>Resource Files</Filter>
    </None>
    <None Include="classDiagram_b4_remodel.cd" />
  </ItemGroup>
</Project>